
Microsoft Visual Studio Solution File, Format Version 10.00
# Visual Studio 2008
Project("{FAE04EC0-301F-11D3-BF4B-00C04F79EFBC}") = "1_3D_Overview", "1_3D_Overview\1_3D_Overview.csproj", "{A2FAE80D-9E7E-4BE6-9C2C-49FB79716CC7}"
EndProject
Project("{FAE04EC0-301F-11D3-BF4B-00C04F79EFBC}") = "2_Camera", "2_Camera\2_Camera.csproj", "{0A16BC5C-1403-4424-861E-EE1E9CC60DF9}"
EndProject
Project("{FAE04EC0-301F-11D3-BF4B-00C04F79EFBC}") = "3_Follow_Camera", "3_Follow_Camera\3_Follow_Camera.csproj", "{78514FC4-7C6A-4325-BFF9-50D9B432582E}"
EndProject
Project("{FAE04EC0-301F-11D3-BF4B-00C04F79EFBC}") = "4_Viewport", "4_Viewport\4_Viewport.csproj", "{950117B6-3023-490F-BD38-50290585F25B}"
EndProject
Project("{FAE04EC0-301F-11D3-BF4B-00C04F79EFBC}") = "5_LoadModel", "5_LoadModel\5_LoadModel.csproj", "{3B9322D6-A987-4F65-AE86-DD3403F4DA7D}"
EndProject
Project("{FAE04EC0-301F-11D3-BF4B-00C04F79EFBC}") = "6_Model_Camera", "6_Model_Camera\6_Model_Camera.csproj", "{2C479C24-BD7E-4207-8617-F05E5F0ABC6B}"
EndProject
Project("{FAE04EC0-301F-11D3-BF4B-00C04F79EFBC}") = "XNA_3D_Primer_Pipeline.Processors", "AnimatedModelProcessor\XNA_3D_Primer_Pipeline.Processors.csproj", "{EC5B71C1-BBD3-4511-BFFA-AB746A430C8D}"
EndProject
Project("{FAE04EC0-301F-11D3-BF4B-00C04F79EFBC}") = "7_Collision_Detection", "7_Collision_Detection\7_Collision_Detection.csproj", "{2EBD06C6-BA84-4EB1-AC80-399F1132236C}"
EndProject
Project("{FAE04EC0-301F-11D3-BF4B-00C04F79EFBC}") = "XNA_3D_Primer_Pipeline.Content", "XNA_3D_Primer_Pipeline.Content\XNA_3D_Primer_Pipeline.Content.csproj", "{FDE47659-1691-472E-8826-3AA940ABFE2A}"
EndProject
Project("{FAE04EC0-301F-11D3-BF4B-00C04F79EFBC}") = "9_Timeline_Animation", "9_Timeline_Animation\9_Timeline_Animation.csproj", "{FD9652C5-DDE3-4587-9E1B-4F7346E186BE}"
EndProject
Project("{FAE04EC0-301F-11D3-BF4B-00C04F79EFBC}") = "8_Animation", "8_Animation\8_Animation.csproj", "{B9EF2087-F496-4EED-898D-ED524B32813B}"
EndProject
Global
	GlobalSection(SolutionConfigurationPlatforms) = preSolution
		Debug|x86 = Debug|x86
		Debug|Xbox 360 = Debug|Xbox 360
		Debug|Zune = Debug|Zune
		Release|x86 = Release|x86
		Release|Xbox 360 = Release|Xbox 360
		Release|Zune = Release|Zune
	EndGlobalSection
	GlobalSection(ProjectConfigurationPlatforms) = postSolution
		{A2FAE80D-9E7E-4BE6-9C2C-49FB79716CC7}.Debug|x86.ActiveCfg = Debug|x86
		{A2FAE80D-9E7E-4BE6-9C2C-49FB79716CC7}.Debug|x86.Build.0 = Debug|x86
		{A2FAE80D-9E7E-4BE6-9C2C-49FB79716CC7}.Debug|Xbox 360.ActiveCfg = Debug|x86
		{A2FAE80D-9E7E-4BE6-9C2C-49FB79716CC7}.Debug|Zune.ActiveCfg = Debug|x86
		{A2FAE80D-9E7E-4BE6-9C2C-49FB79716CC7}.Release|x86.ActiveCfg = Release|x86
		{A2FAE80D-9E7E-4BE6-9C2C-49FB79716CC7}.Release|x86.Build.0 = Release|x86
		{A2FAE80D-9E7E-4BE6-9C2C-49FB79716CC7}.Release|Xbox 360.ActiveCfg = Release|x86
		{A2FAE80D-9E7E-4BE6-9C2C-49FB79716CC7}.Release|Zune.ActiveCfg = Release|x86
		{0A16BC5C-1403-4424-861E-EE1E9CC60DF9}.Debug|x86.ActiveCfg = Debug|x86
		{0A16BC5C-1403-4424-861E-EE1E9CC60DF9}.Debug|x86.Build.0 = Debug|x86
		{0A16BC5C-1403-4424-861E-EE1E9CC60DF9}.Debug|Xbox 360.ActiveCfg = Debug|x86
		{0A16BC5C-1403-4424-861E-EE1E9CC60DF9}.Debug|Zune.ActiveCfg = Debug|x86
		{0A16BC5C-1403-4424-861E-EE1E9CC60DF9}.Release|x86.ActiveCfg = Release|x86
		{0A16BC5C-1403-4424-861E-EE1E9CC60DF9}.Release|x86.Build.0 = Release|x86
		{0A16BC5C-1403-4424-861E-EE1E9CC60DF9}.Release|Xbox 360.ActiveCfg = Release|x86
		{0A16BC5C-1403-4424-861E-EE1E9CC60DF9}.Release|Zune.ActiveCfg = Release|x86
		{78514FC4-7C6A-4325-BFF9-50D9B432582E}.Debug|x86.ActiveCfg = Debug|x86
		{78514FC4-7C6A-4325-BFF9-50D9B432582E}.Debug|x86.Build.0 = Debug|x86
		{78514FC4-7C6A-4325-BFF9-50D9B432582E}.Debug|Xbox 360.ActiveCfg = Debug|x86
		{78514FC4-7C6A-4325-BFF9-50D9B432582E}.Debug|Zune.ActiveCfg = Debug|x86
		{78514FC4-7C6A-4325-BFF9-50D9B432582E}.Release|x86.ActiveCfg = Release|x86
		{78514FC4-7C6A-4325-BFF9-50D9B432582E}.Release|x86.Build.0 = Release|x86
		{78514FC4-7C6A-4325-BFF9-50D9B432582E}.Release|Xbox 360.ActiveCfg = Release|x86
		{78514FC4-7C6A-4325-BFF9-50D9B432582E}.Release|Zune.ActiveCfg = Release|x86
		{950117B6-3023-490F-BD38-50290585F25B}.Debug|x86.ActiveCfg = Debug|x86
		{950117B6-3023-490F-BD38-50290585F25B}.Debug|x86.Build.0 = Debug|x86
		{950117B6-3023-490F-BD38-50290585F25B}.Debug|Xbox 360.ActiveCfg = Debug|x86
		{950117B6-3023-490F-BD38-50290585F25B}.Debug|Zune.ActiveCfg = Debug|x86
		{950117B6-3023-490F-BD38-50290585F25B}.Release|x86.ActiveCfg = Release|x86
		{950117B6-3023-490F-BD38-50290585F25B}.Release|x86.Build.0 = Release|x86
		{950117B6-3023-490F-BD38-50290585F25B}.Release|Xbox 360.ActiveCfg = Release|x86
		{950117B6-3023-490F-BD38-50290585F25B}.Release|Zune.ActiveCfg = Release|x86
		{3B9322D6-A987-4F65-AE86-DD3403F4DA7D}.Debug|x86.ActiveCfg = Debug|x86
		{3B9322D6-A987-4F65-AE86-DD3403F4DA7D}.Debug|x86.Build.0 = Debug|x86
		{3B9322D6-A987-4F65-AE86-DD3403F4DA7D}.Debug|Xbox 360.ActiveCfg = Debug|x86
		{3B9322D6-A987-4F65-AE86-DD3403F4DA7D}.Debug|Zune.ActiveCfg = Debug|x86
		{3B9322D6-A987-4F65-AE86-DD3403F4DA7D}.Release|x86.ActiveCfg = Release|x86
		{3B9322D6-A987-4F65-AE86-DD3403F4DA7D}.Release|x86.Build.0 = Release|x86
		{3B9322D6-A987-4F65-AE86-DD3403F4DA7D}.Release|Xbox 360.ActiveCfg = Release|x86
		{3B9322D6-A987-4F65-AE86-DD3403F4DA7D}.Release|Zune.ActiveCfg = Release|x86
		{2C479C24-BD7E-4207-8617-F05E5F0ABC6B}.Debug|x86.ActiveCfg = Debug|x86
		{2C479C24-BD7E-4207-8617-F05E5F0ABC6B}.Debug|x86.Build.0 = Debug|x86
		{2C479C24-BD7E-4207-8617-F05E5F0ABC6B}.Debug|Xbox 360.ActiveCfg = Debug|x86
		{2C479C24-BD7E-4207-8617-F05E5F0ABC6B}.Debug|Zune.ActiveCfg = Debug|x86
		{2C479C24-BD7E-4207-8617-F05E5F0ABC6B}.Release|x86.ActiveCfg = Release|x86
		{2C479C24-BD7E-4207-8617-F05E5F0ABC6B}.Release|x86.Build.0 = Release|x86
		{2C479C24-BD7E-4207-8617-F05E5F0ABC6B}.Release|Xbox 360.ActiveCfg = Release|x86
		{2C479C24-BD7E-4207-8617-F05E5F0ABC6B}.Release|Zune.ActiveCfg = Release|x86
		{EC5B71C1-BBD3-4511-BFFA-AB746A430C8D}.Debug|x86.ActiveCfg = Debug|x86
		{EC5B71C1-BBD3-4511-BFFA-AB746A430C8D}.Debug|x86.Build.0 = Debug|x86
		{EC5B71C1-BBD3-4511-BFFA-AB746A430C8D}.Debug|Xbox 360.ActiveCfg = Debug|Xbox 360
		{EC5B71C1-BBD3-4511-BFFA-AB746A430C8D}.Debug|Xbox 360.Build.0 = Debug|Xbox 360
		{EC5B71C1-BBD3-4511-BFFA-AB746A430C8D}.Debug|Zune.ActiveCfg = Debug|Zune
		{EC5B71C1-BBD3-4511-BFFA-AB746A430C8D}.Debug|Zune.Build.0 = Debug|Zune
		{EC5B71C1-BBD3-4511-BFFA-AB746A430C8D}.Release|x86.ActiveCfg = Release|x86
		{EC5B71C1-BBD3-4511-BFFA-AB746A430C8D}.Release|x86.Build.0 = Release|x86
		{EC5B71C1-BBD3-4511-BFFA-AB746A430C8D}.Release|Xbox 360.ActiveCfg = Release|Xbox 360
		{EC5B71C1-BBD3-4511-BFFA-AB746A430C8D}.Release|Xbox 360.Build.0 = Release|Xbox 360
		{EC5B71C1-BBD3-4511-BFFA-AB746A430C8D}.Release|Zune.ActiveCfg = Release|Zune
		{EC5B71C1-BBD3-4511-BFFA-AB746A430C8D}.Release|Zune.Build.0 = Release|Zune
		{2EBD06C6-BA84-4EB1-AC80-399F1132236C}.Debug|x86.ActiveCfg = Debug|x86
		{2EBD06C6-BA84-4EB1-AC80-399F1132236C}.Debug|x86.Build.0 = Debug|x86
		{2EBD06C6-BA84-4EB1-AC80-399F1132236C}.Debug|Xbox 360.ActiveCfg = Debug|x86
		{2EBD06C6-BA84-4EB1-AC80-399F1132236C}.Debug|Zune.ActiveCfg = Debug|x86
		{2EBD06C6-BA84-4EB1-AC80-399F1132236C}.Release|x86.ActiveCfg = Release|x86
		{2EBD06C6-BA84-4EB1-AC80-399F1132236C}.Release|x86.Build.0 = Release|x86
		{2EBD06C6-BA84-4EB1-AC80-399F1132236C}.Release|Xbox 360.ActiveCfg = Release|x86
		{2EBD06C6-BA84-4EB1-AC80-399F1132236C}.Release|Zune.ActiveCfg = Release|x86
		{FDE47659-1691-472E-8826-3AA940ABFE2A}.Debug|x86.ActiveCfg = Debug|x86
		{FDE47659-1691-472E-8826-3AA940ABFE2A}.Debug|x86.Build.0 = Debug|x86
		{FDE47659-1691-472E-8826-3AA940ABFE2A}.Debug|Xbox 360.ActiveCfg = Debug|x86
		{FDE47659-1691-472E-8826-3AA940ABFE2A}.Debug|Zune.ActiveCfg = Debug|x86
		{FDE47659-1691-472E-8826-3AA940ABFE2A}.Release|x86.ActiveCfg = Release|x86
		{FDE47659-1691-472E-8826-3AA940ABFE2A}.Release|x86.Build.0 = Release|x86
		{FDE47659-1691-472E-8826-3AA940ABFE2A}.Release|Xbox 360.ActiveCfg = Release|x86
		{FDE47659-1691-472E-8826-3AA940ABFE2A}.Release|Zune.ActiveCfg = Release|x86
		{FD9652C5-DDE3-4587-9E1B-4F7346E186BE}.Debug|x86.ActiveCfg = Debug|x86
		{FD9652C5-DDE3-4587-9E1B-4F7346E186BE}.Debug|x86.Build.0 = Debug|x86
		{FD9652C5-DDE3-4587-9E1B-4F7346E186BE}.Debug|Xbox 360.ActiveCfg = Debug|x86
		{FD9652C5-DDE3-4587-9E1B-4F7346E186BE}.Debug|Zune.ActiveCfg = Debug|x86
		{FD9652C5-DDE3-4587-9E1B-4F7346E186BE}.Release|x86.ActiveCfg = Release|x86
		{FD9652C5-DDE3-4587-9E1B-4F7346E186BE}.Release|x86.Build.0 = Release|x86
		{FD9652C5-DDE3-4587-9E1B-4F7346E186BE}.Release|Xbox 360.ActiveCfg = Release|x86
		{FD9652C5-DDE3-4587-9E1B-4F7346E186BE}.Release|Zune.ActiveCfg = Release|x86
		{B9EF2087-F496-4EED-898D-ED524B32813B}.Debug|x86.ActiveCfg = Debug|x86
		{B9EF2087-F496-4EED-898D-ED524B32813B}.Debug|x86.Build.0 = Debug|x86
		{B9EF2087-F496-4EED-898D-ED524B32813B}.Debug|Xbox 360.ActiveCfg = Debug|x86
		{B9EF2087-F496-4EED-898D-ED524B32813B}.Debug|Zune.ActiveCfg = Debug|x86
		{B9EF2087-F496-4EED-898D-ED524B32813B}.Release|x86.ActiveCfg = Release|x86
		{B9EF2087-F496-4EED-898D-ED524B32813B}.Release|x86.Build.0 = Release|x86
		{B9EF2087-F496-4EED-898D-ED524B32813B}.Release|Xbox 360.ActiveCfg = Release|x86
		{B9EF2087-F496-4EED-898D-ED524B32813B}.Release|Zune.ActiveCfg = Release|x86
		{D8348F3A-16D6-41A7-BF4D-236C9F0F4A40}.Debug|x86.ActiveCfg = Debug|x86
		{D8348F3A-16D6-41A7-BF4D-236C9F0F4A40}.Debug|Xbox 360.ActiveCfg = Debug|x86
		{D8348F3A-16D6-41A7-BF4D-236C9F0F4A40}.Debug|Zune.ActiveCfg = Debug|x86
		{D8348F3A-16D6-41A7-BF4D-236C9F0F4A40}.Release|x86.ActiveCfg = Release|x86
		{D8348F3A-16D6-41A7-BF4D-236C9F0F4A40}.Release|Xbox 360.ActiveCfg = Release|x86
		{D8348F3A-16D6-41A7-BF4D-236C9F0F4A40}.Release|Zune.ActiveCfg = Release|x86
		{6052D313-70FB-47F0-8881-512B64D5C1B9}.Debug|x86.ActiveCfg = Debug|x86
		{6052D313-70FB-47F0-8881-512B64D5C1B9}.Debug|Xbox 360.ActiveCfg = Debug|x86
		{6052D313-70FB-47F0-8881-512B64D5C1B9}.Debug|Zune.ActiveCfg = Debug|x86
		{6052D313-70FB-47F0-8881-512B64D5C1B9}.Release|x86.ActiveCfg = Release|x86
		{6052D313-70FB-47F0-8881-512B64D5C1B9}.Release|Xbox 360.ActiveCfg = Release|x86
		{6052D313-70FB-47F0-8881-512B64D5C1B9}.Release|Zune.ActiveCfg = Release|x86
		{FFAF8C9C-B60B-4DAF-8155-1CF3E47F3D45}.Debug|x86.ActiveCfg = Debug|x86
		{FFAF8C9C-B60B-4DAF-8155-1CF3E47F3D45}.Debug|Xbox 360.ActiveCfg = Debug|x86
		{FFAF8C9C-B60B-4DAF-8155-1CF3E47F3D45}.Debug|Zune.ActiveCfg = Debug|x86
		{FFAF8C9C-B60B-4DAF-8155-1CF3E47F3D45}.Release|x86.ActiveCfg = Release|x86
		{FFAF8C9C-B60B-4DAF-8155-1CF3E47F3D45}.Release|Xbox 360.ActiveCfg = Release|x86
		{FFAF8C9C-B60B-4DAF-8155-1CF3E47F3D45}.Release|Zune.ActiveCfg = Release|x86
		{782AE858-F35B-455B-82CA-36C1ABAF13D4}.Debug|x86.ActiveCfg = Debug|x86
		{782AE858-F35B-455B-82CA-36C1ABAF13D4}.Debug|Xbox 360.ActiveCfg = Debug|x86
		{782AE858-F35B-455B-82CA-36C1ABAF13D4}.Debug|Zune.ActiveCfg = Debug|x86
		{782AE858-F35B-455B-82CA-36C1ABAF13D4}.Release|x86.ActiveCfg = Release|x86
		{782AE858-F35B-455B-82CA-36C1ABAF13D4}.Release|Xbox 360.ActiveCfg = Release|x86
		{782AE858-F35B-455B-82CA-36C1ABAF13D4}.Release|Zune.ActiveCfg = Release|x86
		{01614FF6-2F87-4D1F-AA72-E447FC937FFD}.Debug|x86.ActiveCfg = Debug|x86
		{01614FF6-2F87-4D1F-AA72-E447FC937FFD}.Debug|Xbox 360.ActiveCfg = Debug|x86
		{01614FF6-2F87-4D1F-AA72-E447FC937FFD}.Debug|Zune.ActiveCfg = Debug|x86
		{01614FF6-2F87-4D1F-AA72-E447FC937FFD}.Release|x86.ActiveCfg = Release|x86
		{01614FF6-2F87-4D1F-AA72-E447FC937FFD}.Release|Xbox 360.ActiveCfg = Release|x86
		{01614FF6-2F87-4D1F-AA72-E447FC937FFD}.Release|Zune.ActiveCfg = Release|x86
		{EE6D3EDD-5858-4656-96E7-F8286BFBE19C}.Debug|x86.ActiveCfg = Debug|x86
		{EE6D3EDD-5858-4656-96E7-F8286BFBE19C}.Debug|Xbox 360.ActiveCfg = Debug|x86
		{EE6D3EDD-5858-4656-96E7-F8286BFBE19C}.Debug|Zune.ActiveCfg = Debug|x86
		{EE6D3EDD-5858-4656-96E7-F8286BFBE19C}.Release|x86.ActiveCfg = Release|x86
		{EE6D3EDD-5858-4656-96E7-F8286BFBE19C}.Release|Xbox 360.ActiveCfg = Release|x86
		{EE6D3EDD-5858-4656-96E7-F8286BFBE19C}.Release|Zune.ActiveCfg = Release|x86
		{84FA5ACC-724A-432A-B95B-54DA63CF4602}.Debug|x86.ActiveCfg = Debug|x86
		{84FA5ACC-724A-432A-B95B-54DA63CF4602}.Debug|Xbox 360.ActiveCfg = Debug|x86
		{84FA5ACC-724A-432A-B95B-54DA63CF4602}.Debug|Zune.ActiveCfg = Debug|x86
		{84FA5ACC-724A-432A-B95B-54DA63CF4602}.Release|x86.ActiveCfg = Release|x86
		{84FA5ACC-724A-432A-B95B-54DA63CF4602}.Release|Xbox 360.ActiveCfg = Release|x86
		{84FA5ACC-724A-432A-B95B-54DA63CF4602}.Release|Zune.ActiveCfg = Release|x86
		{F8FA924F-2CD6-439F-A2AC-AAFB0E271A0B}.Debug|x86.ActiveCfg = Debug|x86
		{F8FA924F-2CD6-439F-A2AC-AAFB0E271A0B}.Debug|Xbox 360.ActiveCfg = Debug|x86
		{F8FA924F-2CD6-439F-A2AC-AAFB0E271A0B}.Debug|Zune.ActiveCfg = Debug|x86
		{F8FA924F-2CD6-439F-A2AC-AAFB0E271A0B}.Release|x86.ActiveCfg = Release|x86
		{F8FA924F-2CD6-439F-A2AC-AAFB0E271A0B}.Release|Xbox 360.ActiveCfg = Release|x86
		{F8FA924F-2CD6-439F-A2AC-AAFB0E271A0B}.Release|Zune.ActiveCfg = Release|x86
		{E08F7230-F1D8-47CB-9421-9C0F23D09B94}.Debug|x86.ActiveCfg = Debug|x86
		{E08F7230-F1D8-47CB-9421-9C0F23D09B94}.Debug|Xbox 360.ActiveCfg = Debug|x86
		{E08F7230-F1D8-47CB-9421-9C0F23D09B94}.Debug|Zune.ActiveCfg = Debug|x86
		{E08F7230-F1D8-47CB-9421-9C0F23D09B94}.Release|x86.ActiveCfg = Release|x86
		{E08F7230-F1D8-47CB-9421-9C0F23D09B94}.Release|Xbox 360.ActiveCfg = Release|x86
		{E08F7230-F1D8-47CB-9421-9C0F23D09B94}.Release|Zune.ActiveCfg = Release|x86
		{F14BFB26-7B3B-41A8-8091-040CF9CCF630}.Debug|x86.ActiveCfg = Debug|x86
		{F14BFB26-7B3B-41A8-8091-040CF9CCF630}.Debug|Xbox 360.ActiveCfg = Debug|x86
		{F14BFB26-7B3B-41A8-8091-040CF9CCF630}.Debug|Zune.ActiveCfg = Debug|x86
		{F14BFB26-7B3B-41A8-8091-040CF9CCF630}.Release|x86.ActiveCfg = Release|x86
		{F14BFB26-7B3B-41A8-8091-040CF9CCF630}.Release|Xbox 360.ActiveCfg = Release|x86
		{F14BFB26-7B3B-41A8-8091-040CF9CCF630}.Release|Zune.ActiveCfg = Release|x86
	EndGlobalSection
	GlobalSection(SolutionProperties) = preSolution
		HideSolutionNode = FALSE
	EndGlobalSection
EndGlobal
