
Microsoft Visual Studio Solution File, Format Version 11.00
# Visual Studio 2010
Project("{FAE04EC0-301F-11D3-BF4B-00C04F79EFBC}") = "XNAInvadersFromSpaceLibrary", "XNAInvadersFromSpaceLibrary\XNAInvadersFromSpaceLibrary.csproj", "{2FE1A45B-AFC1-4D0C-91BE-E4C456AFE9B2}"
EndProject
Project("{96E2B04D-8817-42C6-938A-82C39BA4D311}") = "XNAInvadersFromSpaceContent", "XNAInvadersFromSpaceContent\XNAInvadersFromSpaceContent.contentproj", "{17B097BD-0047-43EE-8823-599E4384212B}"
EndProject
Project("{FAE04EC0-301F-11D3-BF4B-00C04F79EFBC}") = "00_NewGame", "00_NewGame\00_NewGame\00_NewGame.csproj", "{B88A7456-0394-4CB6-AA3B-A7A5267149DF}"
EndProject
Project("{FAE04EC0-301F-11D3-BF4B-00C04F79EFBC}") = "01_Background", "01_Background\01_Background\01_Background.csproj", "{3A26261F-F2EC-4DEA-B624-982A6C02B85E}"
EndProject
Project("{FAE04EC0-301F-11D3-BF4B-00C04F79EFBC}") = "02_PLayerCannon", "02_PLayerCannon\02_PLayerCannon\02_PLayerCannon.csproj", "{23546FC4-9AA3-466C-A7B9-DE1429728B2D}"
EndProject
Project("{FAE04EC0-301F-11D3-BF4B-00C04F79EFBC}") = "03_Armada", "03_Armada\03_Armada\03_Armada.csproj", "{88962B26-728D-4461-8758-2C949EEEE119}"
EndProject
Project("{FAE04EC0-301F-11D3-BF4B-00C04F79EFBC}") = "04_CollisionDetection", "04_CollisionDetection\04_CollisionDetection\04_CollisionDetection.csproj", "{A8E22630-7210-4DE1-AB0C-3CC2B92BF37D}"
EndProject
Project("{FAE04EC0-301F-11D3-BF4B-00C04F79EFBC}") = "05_Shields", "05_Shields\05_Shields\05_Shields.csproj", "{5A5409DA-50E9-4F01-8850-EC270D54BD10}"
EndProject
Project("{FAE04EC0-301F-11D3-BF4B-00C04F79EFBC}") = "06_GameMessage", "06_GameMessage\06_GameMessage\06_GameMessage.csproj", "{EB679870-42EE-414B-9515-5B5C301BA0FE}"
EndProject
Global
	GlobalSection(SolutionConfigurationPlatforms) = preSolution
		Debug|Any CPU = Debug|Any CPU
		Debug|x86 = Debug|x86
		Release|Any CPU = Release|Any CPU
		Release|x86 = Release|x86
	EndGlobalSection
	GlobalSection(ProjectConfigurationPlatforms) = postSolution
		{2FE1A45B-AFC1-4D0C-91BE-E4C456AFE9B2}.Debug|Any CPU.ActiveCfg = Debug|x86
		{2FE1A45B-AFC1-4D0C-91BE-E4C456AFE9B2}.Debug|x86.ActiveCfg = Debug|x86
		{2FE1A45B-AFC1-4D0C-91BE-E4C456AFE9B2}.Debug|x86.Build.0 = Debug|x86
		{2FE1A45B-AFC1-4D0C-91BE-E4C456AFE9B2}.Release|Any CPU.ActiveCfg = Release|x86
		{2FE1A45B-AFC1-4D0C-91BE-E4C456AFE9B2}.Release|x86.ActiveCfg = Release|x86
		{2FE1A45B-AFC1-4D0C-91BE-E4C456AFE9B2}.Release|x86.Build.0 = Release|x86
		{17B097BD-0047-43EE-8823-599E4384212B}.Debug|Any CPU.ActiveCfg = Debug|Any CPU
		{17B097BD-0047-43EE-8823-599E4384212B}.Debug|x86.ActiveCfg = Debug|Any CPU
		{17B097BD-0047-43EE-8823-599E4384212B}.Release|Any CPU.ActiveCfg = Debug|Any CPU
		{17B097BD-0047-43EE-8823-599E4384212B}.Release|x86.ActiveCfg = Debug|Any CPU
		{B88A7456-0394-4CB6-AA3B-A7A5267149DF}.Debug|Any CPU.ActiveCfg = Debug|x86
		{B88A7456-0394-4CB6-AA3B-A7A5267149DF}.Debug|x86.ActiveCfg = Debug|x86
		{B88A7456-0394-4CB6-AA3B-A7A5267149DF}.Debug|x86.Build.0 = Debug|x86
		{B88A7456-0394-4CB6-AA3B-A7A5267149DF}.Release|Any CPU.ActiveCfg = Release|x86
		{B88A7456-0394-4CB6-AA3B-A7A5267149DF}.Release|x86.ActiveCfg = Release|x86
		{B88A7456-0394-4CB6-AA3B-A7A5267149DF}.Release|x86.Build.0 = Release|x86
		{3A26261F-F2EC-4DEA-B624-982A6C02B85E}.Debug|Any CPU.ActiveCfg = Debug|x86
		{3A26261F-F2EC-4DEA-B624-982A6C02B85E}.Debug|x86.ActiveCfg = Debug|x86
		{3A26261F-F2EC-4DEA-B624-982A6C02B85E}.Debug|x86.Build.0 = Debug|x86
		{3A26261F-F2EC-4DEA-B624-982A6C02B85E}.Release|Any CPU.ActiveCfg = Release|x86
		{3A26261F-F2EC-4DEA-B624-982A6C02B85E}.Release|x86.ActiveCfg = Release|x86
		{3A26261F-F2EC-4DEA-B624-982A6C02B85E}.Release|x86.Build.0 = Release|x86
		{23546FC4-9AA3-466C-A7B9-DE1429728B2D}.Debug|Any CPU.ActiveCfg = Debug|x86
		{23546FC4-9AA3-466C-A7B9-DE1429728B2D}.Debug|x86.ActiveCfg = Debug|x86
		{23546FC4-9AA3-466C-A7B9-DE1429728B2D}.Debug|x86.Build.0 = Debug|x86
		{23546FC4-9AA3-466C-A7B9-DE1429728B2D}.Release|Any CPU.ActiveCfg = Release|x86
		{23546FC4-9AA3-466C-A7B9-DE1429728B2D}.Release|x86.ActiveCfg = Release|x86
		{23546FC4-9AA3-466C-A7B9-DE1429728B2D}.Release|x86.Build.0 = Release|x86
		{88962B26-728D-4461-8758-2C949EEEE119}.Debug|Any CPU.ActiveCfg = Debug|x86
		{88962B26-728D-4461-8758-2C949EEEE119}.Debug|x86.ActiveCfg = Debug|x86
		{88962B26-728D-4461-8758-2C949EEEE119}.Debug|x86.Build.0 = Debug|x86
		{88962B26-728D-4461-8758-2C949EEEE119}.Release|Any CPU.ActiveCfg = Release|x86
		{88962B26-728D-4461-8758-2C949EEEE119}.Release|x86.ActiveCfg = Release|x86
		{88962B26-728D-4461-8758-2C949EEEE119}.Release|x86.Build.0 = Release|x86
		{A8E22630-7210-4DE1-AB0C-3CC2B92BF37D}.Debug|Any CPU.ActiveCfg = Debug|x86
		{A8E22630-7210-4DE1-AB0C-3CC2B92BF37D}.Debug|x86.ActiveCfg = Debug|x86
		{A8E22630-7210-4DE1-AB0C-3CC2B92BF37D}.Debug|x86.Build.0 = Debug|x86
		{A8E22630-7210-4DE1-AB0C-3CC2B92BF37D}.Release|Any CPU.ActiveCfg = Release|x86
		{A8E22630-7210-4DE1-AB0C-3CC2B92BF37D}.Release|x86.ActiveCfg = Release|x86
		{A8E22630-7210-4DE1-AB0C-3CC2B92BF37D}.Release|x86.Build.0 = Release|x86
		{5A5409DA-50E9-4F01-8850-EC270D54BD10}.Debug|Any CPU.ActiveCfg = Debug|x86
		{5A5409DA-50E9-4F01-8850-EC270D54BD10}.Debug|x86.ActiveCfg = Debug|x86
		{5A5409DA-50E9-4F01-8850-EC270D54BD10}.Debug|x86.Build.0 = Debug|x86
		{5A5409DA-50E9-4F01-8850-EC270D54BD10}.Release|Any CPU.ActiveCfg = Release|x86
		{5A5409DA-50E9-4F01-8850-EC270D54BD10}.Release|x86.ActiveCfg = Release|x86
		{5A5409DA-50E9-4F01-8850-EC270D54BD10}.Release|x86.Build.0 = Release|x86
		{EB679870-42EE-414B-9515-5B5C301BA0FE}.Debug|Any CPU.ActiveCfg = Debug|x86
		{EB679870-42EE-414B-9515-5B5C301BA0FE}.Debug|x86.ActiveCfg = Debug|x86
		{EB679870-42EE-414B-9515-5B5C301BA0FE}.Debug|x86.Build.0 = Debug|x86
		{EB679870-42EE-414B-9515-5B5C301BA0FE}.Release|Any CPU.ActiveCfg = Release|x86
		{EB679870-42EE-414B-9515-5B5C301BA0FE}.Release|x86.ActiveCfg = Release|x86
		{EB679870-42EE-414B-9515-5B5C301BA0FE}.Release|x86.Build.0 = Release|x86
	EndGlobalSection
	GlobalSection(SolutionProperties) = preSolution
		HideSolutionNode = FALSE
	EndGlobalSection
EndGlobal
