
Microsoft Visual Studio Solution File, Format Version 10.00
# Visual Studio 2008
Project("{FAE04EC0-301F-11D3-BF4B-00C04F79EFBC}") = "Objects", "DI-WayOfTheNinja\Objects.csproj", "{EB72B131-8300-4204-A783-B67EC704F2A1}"
EndProject
Project("{FAE04EC0-301F-11D3-BF4B-00C04F79EFBC}") = "DI-ByHand", "DI-ByHand\DI-ByHand.csproj", "{710A33A2-1280-4E9F-AA53-FB6237D8B5DA}"
EndProject
Project("{FAE04EC0-301F-11D3-BF4B-00C04F79EFBC}") = "Di-Ninject", "Di-Ninject\Di-Ninject.csproj", "{7FB4B551-1DBE-4732-82EB-C7FFEBC02D90}"
EndProject
Global
	GlobalSection(SolutionConfigurationPlatforms) = preSolution
		Debug|Any CPU = Debug|Any CPU
		Release|Any CPU = Release|Any CPU
	EndGlobalSection
	GlobalSection(ProjectConfigurationPlatforms) = postSolution
		{EB72B131-8300-4204-A783-B67EC704F2A1}.Debug|Any CPU.ActiveCfg = Debug|Any CPU
		{EB72B131-8300-4204-A783-B67EC704F2A1}.Debug|Any CPU.Build.0 = Debug|Any CPU
		{EB72B131-8300-4204-A783-B67EC704F2A1}.Release|Any CPU.ActiveCfg = Release|Any CPU
		{EB72B131-8300-4204-A783-B67EC704F2A1}.Release|Any CPU.Build.0 = Release|Any CPU
		{710A33A2-1280-4E9F-AA53-FB6237D8B5DA}.Debug|Any CPU.ActiveCfg = Debug|Any CPU
		{710A33A2-1280-4E9F-AA53-FB6237D8B5DA}.Debug|Any CPU.Build.0 = Debug|Any CPU
		{710A33A2-1280-4E9F-AA53-FB6237D8B5DA}.Release|Any CPU.ActiveCfg = Release|Any CPU
		{710A33A2-1280-4E9F-AA53-FB6237D8B5DA}.Release|Any CPU.Build.0 = Release|Any CPU
		{7FB4B551-1DBE-4732-82EB-C7FFEBC02D90}.Debug|Any CPU.ActiveCfg = Debug|Any CPU
		{7FB4B551-1DBE-4732-82EB-C7FFEBC02D90}.Debug|Any CPU.Build.0 = Debug|Any CPU
		{7FB4B551-1DBE-4732-82EB-C7FFEBC02D90}.Release|Any CPU.ActiveCfg = Release|Any CPU
		{7FB4B551-1DBE-4732-82EB-C7FFEBC02D90}.Release|Any CPU.Build.0 = Release|Any CPU
	EndGlobalSection
	GlobalSection(SolutionProperties) = preSolution
		HideSolutionNode = FALSE
	EndGlobalSection
EndGlobal
