
Microsoft Visual Studio Solution File, Format Version 10.00
# Visual Studio 2008
Project("{E24C65DC-7377-472B-9ABA-BC803B73C61A}") = "ExampleWebsite", "http://localhost/ExampleWebsite", "{6AA98F4E-607A-4D8B-9188-B4A1C951EC5C}"
	ProjectSection(WebsiteProperties) = preProject
		TargetFramework = "3.5"
		ProjectReferences = "{0780CC36-DD1D-482E-BEF5-97A52BB5E64D}|ViNull.dll;"
		Debug.AspNetCompiler.VirtualPath = "/ExampleWebsite"
		Debug.AspNetCompiler.PhysicalPath = "ExampleWebsite\"
		Debug.AspNetCompiler.TargetPath = "PrecompiledWeb\ExampleWebsite\"
		Debug.AspNetCompiler.Updateable = "true"
		Debug.AspNetCompiler.ForceOverwrite = "true"
		Debug.AspNetCompiler.FixedNames = "false"
		Debug.AspNetCompiler.Debug = "True"
		Release.AspNetCompiler.VirtualPath = "/ExampleWebsite"
		Release.AspNetCompiler.PhysicalPath = "ExampleWebsite\"
		Release.AspNetCompiler.TargetPath = "PrecompiledWeb\ExampleWebsite\"
		Release.AspNetCompiler.Updateable = "true"
		Release.AspNetCompiler.ForceOverwrite = "true"
		Release.AspNetCompiler.FixedNames = "false"
		Release.AspNetCompiler.Debug = "False"
		SlnRelativePath = "ExampleWebsite\"
	EndProjectSection
EndProject
Project("{FAE04EC0-301F-11D3-BF4B-00C04F79EFBC}") = "ViNull", "ViNull\ViNull.csproj", "{0780CC36-DD1D-482E-BEF5-97A52BB5E64D}"
EndProject
Global
	GlobalSection(SolutionConfigurationPlatforms) = preSolution
		Debug|.NET = Debug|.NET
		Debug|Any CPU = Debug|Any CPU
		Debug|Mixed Platforms = Debug|Mixed Platforms
		Release|.NET = Release|.NET
		Release|Any CPU = Release|Any CPU
		Release|Mixed Platforms = Release|Mixed Platforms
	EndGlobalSection
	GlobalSection(ProjectConfigurationPlatforms) = postSolution
		{6AA98F4E-607A-4D8B-9188-B4A1C951EC5C}.Debug|.NET.ActiveCfg = Debug|.NET
		{6AA98F4E-607A-4D8B-9188-B4A1C951EC5C}.Debug|.NET.Build.0 = Debug|.NET
		{6AA98F4E-607A-4D8B-9188-B4A1C951EC5C}.Debug|Any CPU.ActiveCfg = Debug|.NET
		{6AA98F4E-607A-4D8B-9188-B4A1C951EC5C}.Debug|Mixed Platforms.ActiveCfg = Debug|.NET
		{6AA98F4E-607A-4D8B-9188-B4A1C951EC5C}.Debug|Mixed Platforms.Build.0 = Debug|.NET
		{6AA98F4E-607A-4D8B-9188-B4A1C951EC5C}.Release|.NET.ActiveCfg = Debug|.NET
		{6AA98F4E-607A-4D8B-9188-B4A1C951EC5C}.Release|.NET.Build.0 = Debug|.NET
		{6AA98F4E-607A-4D8B-9188-B4A1C951EC5C}.Release|Any CPU.ActiveCfg = Debug|.NET
		{6AA98F4E-607A-4D8B-9188-B4A1C951EC5C}.Release|Mixed Platforms.ActiveCfg = Debug|.NET
		{6AA98F4E-607A-4D8B-9188-B4A1C951EC5C}.Release|Mixed Platforms.Build.0 = Debug|.NET
		{0780CC36-DD1D-482E-BEF5-97A52BB5E64D}.Debug|.NET.ActiveCfg = Debug|Any CPU
		{0780CC36-DD1D-482E-BEF5-97A52BB5E64D}.Debug|Any CPU.ActiveCfg = Debug|Any CPU
		{0780CC36-DD1D-482E-BEF5-97A52BB5E64D}.Debug|Any CPU.Build.0 = Debug|Any CPU
		{0780CC36-DD1D-482E-BEF5-97A52BB5E64D}.Debug|Mixed Platforms.ActiveCfg = Debug|Any CPU
		{0780CC36-DD1D-482E-BEF5-97A52BB5E64D}.Debug|Mixed Platforms.Build.0 = Debug|Any CPU
		{0780CC36-DD1D-482E-BEF5-97A52BB5E64D}.Release|.NET.ActiveCfg = Release|Any CPU
		{0780CC36-DD1D-482E-BEF5-97A52BB5E64D}.Release|Any CPU.ActiveCfg = Release|Any CPU
		{0780CC36-DD1D-482E-BEF5-97A52BB5E64D}.Release|Any CPU.Build.0 = Release|Any CPU
		{0780CC36-DD1D-482E-BEF5-97A52BB5E64D}.Release|Mixed Platforms.ActiveCfg = Release|Any CPU
		{0780CC36-DD1D-482E-BEF5-97A52BB5E64D}.Release|Mixed Platforms.Build.0 = Release|Any CPU
	EndGlobalSection
	GlobalSection(SolutionProperties) = preSolution
		HideSolutionNode = FALSE
	EndGlobalSection
	GlobalSection(ExtensibilityGlobals) = postSolution
		VisualSVNWorkingCopyRoot = 
	EndGlobalSection
EndGlobal
